
Microsoft Visual Studio Solution File, Format Version 12.00
# Visual Studio 15
Project("{FAE04EC0-301F-11D3-BF4B-00C04F79EFBC}") = "Assembly-CSharp", "Assembly-CSharp.csproj", "{3C342D57-D681-032E-633C-DC3E22A402BD}"
EndProject
Project("{FAE04EC0-301F-11D3-BF4B-00C04F79EFBC}") = "Assembly-CSharp-Editor", "Assembly-CSharp-Editor.csproj", "{03146BEC-F871-6DB5-6083-0AD9BD4F4677}"
EndProject
Global
	GlobalSection(SolutionConfigurationPlatforms) = preSolution
		Debug|Any CPU = Debug|Any CPU
		Release|Any CPU = Release|Any CPU
	EndGlobalSection
	GlobalSection(ProjectConfigurationPlatforms) = postSolution
		{3C342D57-D681-032E-633C-DC3E22A402BD}.Debug|Any CPU.ActiveCfg = Debug|Any CPU
		{3C342D57-D681-032E-633C-DC3E22A402BD}.Debug|Any CPU.Build.0 = Debug|Any CPU
		{3C342D57-D681-032E-633C-DC3E22A402BD}.Release|Any CPU.ActiveCfg = Release|Any CPU
		{3C342D57-D681-032E-633C-DC3E22A402BD}.Release|Any CPU.Build.0 = Release|Any CPU
		{03146BEC-F871-6DB5-6083-0AD9BD4F4677}.Debug|Any CPU.ActiveCfg = Debug|Any CPU
		{03146BEC-F871-6DB5-6083-0AD9BD4F4677}.Debug|Any CPU.Build.0 = Debug|Any CPU
		{03146BEC-F871-6DB5-6083-0AD9BD4F4677}.Release|Any CPU.ActiveCfg = Release|Any CPU
		{03146BEC-F871-6DB5-6083-0AD9BD4F4677}.Release|Any CPU.Build.0 = Release|Any CPU
	EndGlobalSection
	GlobalSection(SolutionProperties) = preSolution
		HideSolutionNode = FALSE
	EndGlobalSection
EndGlobal
